// !$*UTF8*$!
{
	archiveVersion = 1;
	classes = {
	};
	objectVersion = 50;
	objects = {

/* Begin PBXBuildFile section */
		53C70286CF32EE77761CDFC3 /* Pods_themoviedatabase.framework in Frameworks */ = {isa = PBXBuildFile; fileRef = 9133472BC9FB7AF3A8C6ED68 /* Pods_themoviedatabase.framework */; };
		648EB095223C7A6B00D9E030 /* AppDelegate.swift in Sources */ = {isa = PBXBuildFile; fileRef = 648EB094223C7A6B00D9E030 /* AppDelegate.swift */; };
		648EB097223C7A6B00D9E030 /* ViewController.swift in Sources */ = {isa = PBXBuildFile; fileRef = 648EB096223C7A6B00D9E030 /* ViewController.swift */; };
		648EB09A223C7A6B00D9E030 /* Main.storyboard in Resources */ = {isa = PBXBuildFile; fileRef = 648EB098223C7A6B00D9E030 /* Main.storyboard */; };
		648EB09D223C7A6B00D9E030 /* themoviedatabase.xcdatamodeld in Sources */ = {isa = PBXBuildFile; fileRef = 648EB09B223C7A6B00D9E030 /* themoviedatabase.xcdatamodeld */; };
		648EB09F223C7A6B00D9E030 /* Assets.xcassets in Resources */ = {isa = PBXBuildFile; fileRef = 648EB09E223C7A6B00D9E030 /* Assets.xcassets */; };
		648EB0A2223C7A6B00D9E030 /* LaunchScreen.storyboard in Resources */ = {isa = PBXBuildFile; fileRef = 648EB0A0223C7A6B00D9E030 /* LaunchScreen.storyboard */; };
		648EB0B8223C9C3600D9E030 /* Colors.xcassets in Resources */ = {isa = PBXBuildFile; fileRef = 648EB0B7223C9C3600D9E030 /* Colors.xcassets */; };
/* End PBXBuildFile section */

/* Begin PBXFileReference section */
		1859432C355FFA826E4895C6 /* Pods-themoviedatabase.release.xcconfig */ = {isa = PBXFileReference; includeInIndex = 1; lastKnownFileType = text.xcconfig; name = "Pods-themoviedatabase.release.xcconfig"; path = "Pods/Target Support Files/Pods-themoviedatabase/Pods-themoviedatabase.release.xcconfig"; sourceTree = "<group>"; };
		648EB091223C7A6A00D9E030 /* themoviedatabase.app */ = {isa = PBXFileReference; explicitFileType = wrapper.application; includeInIndex = 0; path = themoviedatabase.app; sourceTree = BUILT_PRODUCTS_DIR; };
		648EB094223C7A6B00D9E030 /* AppDelegate.swift */ = {isa = PBXFileReference; lastKnownFileType = sourcecode.swift; path = AppDelegate.swift; sourceTree = "<group>"; };
		648EB096223C7A6B00D9E030 /* ViewController.swift */ = {isa = PBXFileReference; lastKnownFileType = sourcecode.swift; path = ViewController.swift; sourceTree = "<group>"; };
		648EB099223C7A6B00D9E030 /* Base */ = {isa = PBXFileReference; lastKnownFileType = file.storyboard; name = Base; path = Base.lproj/Main.storyboard; sourceTree = "<group>"; };
		648EB09C223C7A6B00D9E030 /* themoviedatabase.xcdatamodel */ = {isa = PBXFileReference; lastKnownFileType = wrapper.xcdatamodel; path = themoviedatabase.xcdatamodel; sourceTree = "<group>"; };
		648EB09E223C7A6B00D9E030 /* Assets.xcassets */ = {isa = PBXFileReference; lastKnownFileType = folder.assetcatalog; path = Assets.xcassets; sourceTree = "<group>"; };
		648EB0A1223C7A6B00D9E030 /* Base */ = {isa = PBXFileReference; lastKnownFileType = file.storyboard; name = Base; path = Base.lproj/LaunchScreen.storyboard; sourceTree = "<group>"; };
		648EB0A3223C7A6B00D9E030 /* Info.plist */ = {isa = PBXFileReference; lastKnownFileType = text.plist.xml; path = Info.plist; sourceTree = "<group>"; };
		648EB0B4223C923700D9E030 /* Rubik-Light.ttf */ = {isa = PBXFileReference; lastKnownFileType = file; path = "Rubik-Light.ttf"; sourceTree = "<group>"; };
		648EB0B5223C923800D9E030 /* Rubik-Medium.ttf */ = {isa = PBXFileReference; lastKnownFileType = file; path = "Rubik-Medium.ttf"; sourceTree = "<group>"; };
		648EB0B6223C923800D9E030 /* Rubik-Regular.ttf */ = {isa = PBXFileReference; lastKnownFileType = file; path = "Rubik-Regular.ttf"; sourceTree = "<group>"; };
		648EB0B7223C9C3600D9E030 /* Colors.xcassets */ = {isa = PBXFileReference; lastKnownFileType = folder.assetcatalog; path = Colors.xcassets; sourceTree = "<group>"; };
		9133472BC9FB7AF3A8C6ED68 /* Pods_themoviedatabase.framework */ = {isa = PBXFileReference; explicitFileType = wrapper.framework; includeInIndex = 0; path = Pods_themoviedatabase.framework; sourceTree = BUILT_PRODUCTS_DIR; };
		EF35E407EEF8A36C9AD56BBD /* Pods-themoviedatabase.debug.xcconfig */ = {isa = PBXFileReference; includeInIndex = 1; lastKnownFileType = text.xcconfig; name = "Pods-themoviedatabase.debug.xcconfig"; path = "Pods/Target Support Files/Pods-themoviedatabase/Pods-themoviedatabase.debug.xcconfig"; sourceTree = "<group>"; };
/* End PBXFileReference section */

/* Begin PBXFrameworksBuildPhase section */
		648EB08E223C7A6A00D9E030 /* Frameworks */ = {
			isa = PBXFrameworksBuildPhase;
			buildActionMask = 2147483647;
			files = (
				53C70286CF32EE77761CDFC3 /* Pods_themoviedatabase.framework in Frameworks */,
			);
			runOnlyForDeploymentPostprocessing = 0;
		};
/* End PBXFrameworksBuildPhase section */

/* Begin PBXGroup section */
		10CEE4B4021D1D471DC1253D /* Pods */ = {
			isa = PBXGroup;
			children = (
				EF35E407EEF8A36C9AD56BBD /* Pods-themoviedatabase.debug.xcconfig */,
				1859432C355FFA826E4895C6 /* Pods-themoviedatabase.release.xcconfig */,
			);
			name = Pods;
			sourceTree = "<group>";
		};
		648EB088223C7A6A00D9E030 = {
			isa = PBXGroup;
			children = (
				648EB093223C7A6A00D9E030 /* themoviedatabase */,
				648EB092223C7A6A00D9E030 /* Products */,
				10CEE4B4021D1D471DC1253D /* Pods */,
				9ADFB25ACDD47C0D940F12EB /* Frameworks */,
			);
			sourceTree = "<group>";
		};
		648EB092223C7A6A00D9E030 /* Products */ = {
			isa = PBXGroup;
			children = (
				648EB091223C7A6A00D9E030 /* themoviedatabase.app */,
			);
			name = Products;
			sourceTree = "<group>";
		};
		648EB093223C7A6A00D9E030 /* themoviedatabase */ = {
			isa = PBXGroup;
			children = (
				648EB0AD223C911700D9E030 /* UserInterface */,
				648EB0AC223C8FEC00D9E030 /* Base */,
				648EB0AA223C8FA300D9E030 /* Model */,
				648EB0A9223C8F8300D9E030 /* Resources */,
			);
			path = themoviedatabase;
			sourceTree = "<group>";
		};
		648EB0A9223C8F8300D9E030 /* Resources */ = {
			isa = PBXGroup;
			children = (
				648EB0AB223C8FB800D9E030 /* Fonts */,
				648EB09E223C7A6B00D9E030 /* Assets.xcassets */,
				648EB0B7223C9C3600D9E030 /* Colors.xcassets */,
			);
			path = Resources;
			sourceTree = "<group>";
		};
		648EB0AA223C8FA300D9E030 /* Model */ = {
			isa = PBXGroup;
			children = (
			);
			path = Model;
			sourceTree = "<group>";
		};
		648EB0AB223C8FB800D9E030 /* Fonts */ = {
			isa = PBXGroup;
			children = (
				648EB0B4223C923700D9E030 /* Rubik-Light.ttf */,
				648EB0B5223C923800D9E030 /* Rubik-Medium.ttf */,
				648EB0B6223C923800D9E030 /* Rubik-Regular.ttf */,
			);
			path = Fonts;
			sourceTree = "<group>";
		};
		648EB0AC223C8FEC00D9E030 /* Base */ = {
			isa = PBXGroup;
			children = (
				648EB09B223C7A6B00D9E030 /* themoviedatabase.xcdatamodeld */,
				648EB0A3223C7A6B00D9E030 /* Info.plist */,
				648EB094223C7A6B00D9E030 /* AppDelegate.swift */,
				648EB0A0223C7A6B00D9E030 /* LaunchScreen.storyboard */,
			);
			path = Base;
			sourceTree = "<group>";
		};
		648EB0AD223C911700D9E030 /* UserInterface */ = {
			isa = PBXGroup;
			children = (
				648EB0B1223C91A800D9E030 /* MovieDetail */,
				648EB0AE223C913A00D9E030 /* MoviesList */,
				648EB098223C7A6B00D9E030 /* Main.storyboard */,
			);
			path = UserInterface;
			sourceTree = "<group>";
		};
		648EB0AE223C913A00D9E030 /* MoviesList */ = {
			isa = PBXGroup;
			children = (
				648EB0B0223C918D00D9E030 /* ModelView */,
				648EB0AF223C918700D9E030 /* View */,
			);
			path = MoviesList;
			sourceTree = "<group>";
		};
		648EB0AF223C918700D9E030 /* View */ = {
			isa = PBXGroup;
			children = (
				648EB096223C7A6B00D9E030 /* ViewController.swift */,
			);
			path = View;
			sourceTree = "<group>";
		};
		648EB0B0223C918D00D9E030 /* ModelView */ = {
			isa = PBXGroup;
			children = (
			);
			path = ModelView;
			sourceTree = "<group>";
		};
		648EB0B1223C91A800D9E030 /* MovieDetail */ = {
			isa = PBXGroup;
			children = (
				648EB0B3223C91B900D9E030 /* ViewModel */,
				648EB0B2223C91B400D9E030 /* View */,
			);
			path = MovieDetail;
			sourceTree = "<group>";
		};
		648EB0B2223C91B400D9E030 /* View */ = {
			isa = PBXGroup;
			children = (
			);
			path = View;
			sourceTree = "<group>";
		};
		648EB0B3223C91B900D9E030 /* ViewModel */ = {
			isa = PBXGroup;
			children = (
			);
			path = ViewModel;
			sourceTree = "<group>";
		};
		9ADFB25ACDD47C0D940F12EB /* Frameworks */ = {
			isa = PBXGroup;
			children = (
				9133472BC9FB7AF3A8C6ED68 /* Pods_themoviedatabase.framework */,
			);
			name = Frameworks;
			sourceTree = "<group>";
		};
/* End PBXGroup section */

/* Begin PBXNativeTarget section */
		648EB090223C7A6A00D9E030 /* themoviedatabase */ = {
			isa = PBXNativeTarget;
			buildConfigurationList = 648EB0A6223C7A6B00D9E030 /* Build configuration list for PBXNativeTarget "themoviedatabase" */;
			buildPhases = (
				4087B2770E55723E3DC852D0 /* [CP] Check Pods Manifest.lock */,
				648EB08D223C7A6A00D9E030 /* Sources */,
				648EB08E223C7A6A00D9E030 /* Frameworks */,
				648EB08F223C7A6A00D9E030 /* Resources */,
				C1A0B808AAE4A88965825C96 /* [CP] Embed Pods Frameworks */,
			);
			buildRules = (
			);
			dependencies = (
			);
			name = themoviedatabase;
			productName = themoviedatabase;
			productReference = 648EB091223C7A6A00D9E030 /* themoviedatabase.app */;
			productType = "com.apple.product-type.application";
		};
/* End PBXNativeTarget section */

/* Begin PBXProject section */
		648EB089223C7A6A00D9E030 /* Project object */ = {
			isa = PBXProject;
			attributes = {
				LastSwiftUpdateCheck = 1010;
				LastUpgradeCheck = 1010;
				ORGANIZATIONNAME = deisymelo;
				TargetAttributes = {
					648EB090223C7A6A00D9E030 = {
						CreatedOnToolsVersion = 10.1;
					};
				};
			};
			buildConfigurationList = 648EB08C223C7A6A00D9E030 /* Build configuration list for PBXProject "themoviedatabase" */;
			compatibilityVersion = "Xcode 9.3";
			developmentRegion = en;
			hasScannedForEncodings = 0;
			knownRegions = (
				en,
				Base,
			);
			mainGroup = 648EB088223C7A6A00D9E030;
			productRefGroup = 648EB092223C7A6A00D9E030 /* Products */;
			projectDirPath = "";
			projectRoot = "";
			targets = (
				648EB090223C7A6A00D9E030 /* themoviedatabase */,
			);
		};
/* End PBXProject section */

/* Begin PBXResourcesBuildPhase section */
		648EB08F223C7A6A00D9E030 /* Resources */ = {
			isa = PBXResourcesBuildPhase;
			buildActionMask = 2147483647;
			files = (
				648EB0A2223C7A6B00D9E030 /* LaunchScreen.storyboard in Resources */,
				648EB0B8223C9C3600D9E030 /* Colors.xcassets in Resources */,
				648EB09F223C7A6B00D9E030 /* Assets.xcassets in Resources */,
				648EB09A223C7A6B00D9E030 /* Main.storyboard in Resources */,
			);
			runOnlyForDeploymentPostprocessing = 0;
		};
/* End PBXResourcesBuildPhase section */

/* Begin PBXShellScriptBuildPhase section */
		4087B2770E55723E3DC852D0 /* [CP] Check Pods Manifest.lock */ = {
			isa = PBXShellScriptBuildPhase;
			buildActionMask = 2147483647;
			files = (
			);
			inputPaths = (
				"${PODS_PODFILE_DIR_PATH}/Podfile.lock",
				"${PODS_ROOT}/Manifest.lock",
			);
			name = "[CP] Check Pods Manifest.lock";
			outputPaths = (
				"$(DERIVED_FILE_DIR)/Pods-themoviedatabase-checkManifestLockResult.txt",
			);
			runOnlyForDeploymentPostprocessing = 0;
			shellPath = /bin/sh;
			shellScript = "diff \"${PODS_PODFILE_DIR_PATH}/Podfile.lock\" \"${PODS_ROOT}/Manifest.lock\" > /dev/null\nif [ $? != 0 ] ; then\n    # print error to STDERR\n    echo \"error: The sandbox is not in sync with the Podfile.lock. Run 'pod install' or update your CocoaPods installation.\" >&2\n    exit 1\nfi\n# This output is used by Xcode 'outputs' to avoid re-running this script phase.\necho \"SUCCESS\" > \"${SCRIPT_OUTPUT_FILE_0}\"\n";
			showEnvVarsInLog = 0;
		};
		C1A0B808AAE4A88965825C96 /* [CP] Embed Pods Frameworks */ = {
			isa = PBXShellScriptBuildPhase;
			buildActionMask = 2147483647;
			files = (
			);
			inputPaths = (
				"${SRCROOT}/Pods/Target Support Files/Pods-themoviedatabase/Pods-themoviedatabase-frameworks.sh",
				"${BUILT_PRODUCTS_DIR}/Alamofire/Alamofire.framework",
				"${BUILT_PRODUCTS_DIR}/AlamofireObjectMapper/AlamofireObjectMapper.framework",
				"${BUILT_PRODUCTS_DIR}/ObjectMapper/ObjectMapper.framework",
				"${BUILT_PRODUCTS_DIR}/RxAtomic/RxAtomic.framework",
				"${BUILT_PRODUCTS_DIR}/RxCocoa/RxCocoa.framework",
				"${BUILT_PRODUCTS_DIR}/RxSwift/RxSwift.framework",
				"${BUILT_PRODUCTS_DIR}/SwiftyJSON/SwiftyJSON.framework",
			);
			name = "[CP] Embed Pods Frameworks";
			outputPaths = (
				"${TARGET_BUILD_DIR}/${FRAMEWORKS_FOLDER_PATH}/Alamofire.framework",
				"${TARGET_BUILD_DIR}/${FRAMEWORKS_FOLDER_PATH}/AlamofireObjectMapper.framework",
				"${TARGET_BUILD_DIR}/${FRAMEWORKS_FOLDER_PATH}/ObjectMapper.framework",
				"${TARGET_BUILD_DIR}/${FRAMEWORKS_FOLDER_PATH}/RxAtomic.framework",
				"${TARGET_BUILD_DIR}/${FRAMEWORKS_FOLDER_PATH}/RxCocoa.framework",
				"${TARGET_BUILD_DIR}/${FRAMEWORKS_FOLDER_PATH}/RxSwift.framework",
				"${TARGET_BUILD_DIR}/${FRAMEWORKS_FOLDER_PATH}/SwiftyJSON.framework",
			);
			runOnlyForDeploymentPostprocessing = 0;
			shellPath = /bin/sh;
			shellScript = "\"${SRCROOT}/Pods/Target Support Files/Pods-themoviedatabase/Pods-themoviedatabase-frameworks.sh\"\n";
			showEnvVarsInLog = 0;
		};
/* End PBXShellScriptBuildPhase section */

/* Begin PBXSourcesBuildPhase section */
		648EB08D223C7A6A00D9E030 /* Sources */ = {
			isa = PBXSourcesBuildPhase;
			buildActionMask = 2147483647;
			files = (
				648EB097223C7A6B00D9E030 /* ViewController.swift in Sources */,
				648EB095223C7A6B00D9E030 /* AppDelegate.swift in Sources */,
				648EB09D223C7A6B00D9E030 /* themoviedatabase.xcdatamodeld in Sources */,
			);
			runOnlyForDeploymentPostprocessing = 0;
		};
/* End PBXSourcesBuildPhase section */

/* Begin PBXVariantGroup section */
		648EB098223C7A6B00D9E030 /* Main.storyboard */ = {
			isa = PBXVariantGroup;
			children = (
				648EB099223C7A6B00D9E030 /* Base */,
			);
			name = Main.storyboard;
			sourceTree = "<group>";
		};
		648EB0A0223C7A6B00D9E030 /* LaunchScreen.storyboard */ = {
			isa = PBXVariantGroup;
			children = (
				648EB0A1223C7A6B00D9E030 /* Base */,
			);
			name = LaunchScreen.storyboard;
			sourceTree = "<group>";
		};
/* End PBXVariantGroup section */

/* Begin XCBuildConfiguration section */
		648EB0A4223C7A6B00D9E030 /* Debug */ = {
			isa = XCBuildConfiguration;
			buildSettings = {
				ALWAYS_SEARCH_USER_PATHS = NO;
				CLANG_ANALYZER_NONNULL = YES;
				CLANG_ANALYZER_NUMBER_OBJECT_CONVERSION = YES_AGGRESSIVE;
				CLANG_CXX_LANGUAGE_STANDARD = "gnu++14";
				CLANG_CXX_LIBRARY = "libc++";
				CLANG_ENABLE_MODULES = YES;
				CLANG_ENABLE_OBJC_ARC = YES;
				CLANG_ENABLE_OBJC_WEAK = YES;
				CLANG_WARN_BLOCK_CAPTURE_AUTORELEASING = YES;
				CLANG_WARN_BOOL_CONVERSION = YES;
				CLANG_WARN_COMMA = YES;
				CLANG_WARN_CONSTANT_CONVERSION = YES;
				CLANG_WARN_DEPRECATED_OBJC_IMPLEMENTATIONS = YES;
				CLANG_WARN_DIRECT_OBJC_ISA_USAGE = YES_ERROR;
				CLANG_WARN_DOCUMENTATION_COMMENTS = YES;
				CLANG_WARN_EMPTY_BODY = YES;
				CLANG_WARN_ENUM_CONVERSION = YES;
				CLANG_WARN_INFINITE_RECURSION = YES;
				CLANG_WARN_INT_CONVERSION = YES;
				CLANG_WARN_NON_LITERAL_NULL_CONVERSION = YES;
				CLANG_WARN_OBJC_IMPLICIT_RETAIN_SELF = YES;
				CLANG_WARN_OBJC_LITERAL_CONVERSION = YES;
				CLANG_WARN_OBJC_ROOT_CLASS = YES_ERROR;
				CLANG_WARN_RANGE_LOOP_ANALYSIS = YES;
				CLANG_WARN_STRICT_PROTOTYPES = YES;
				CLANG_WARN_SUSPICIOUS_MOVE = YES;
				CLANG_WARN_UNGUARDED_AVAILABILITY = YES_AGGRESSIVE;
				CLANG_WARN_UNREACHABLE_CODE = YES;
				CLANG_WARN__DUPLICATE_METHOD_MATCH = YES;
				CODE_SIGN_IDENTITY = "iPhone Developer";
				COPY_PHASE_STRIP = NO;
				DEBUG_INFORMATION_FORMAT = dwarf;
				ENABLE_STRICT_OBJC_MSGSEND = YES;
				ENABLE_TESTABILITY = YES;
				GCC_C_LANGUAGE_STANDARD = gnu11;
				GCC_DYNAMIC_NO_PIC = NO;
				GCC_NO_COMMON_BLOCKS = YES;
				GCC_OPTIMIZATION_LEVEL = 0;
				GCC_PREPROCESSOR_DEFINITIONS = (
					"DEBUG=1",
					"$(inherited)",
				);
				GCC_WARN_64_TO_32_BIT_CONVERSION = YES;
				GCC_WARN_ABOUT_RETURN_TYPE = YES_ERROR;
				GCC_WARN_UNDECLARED_SELECTOR = YES;
				GCC_WARN_UNINITIALIZED_AUTOS = YES_AGGRESSIVE;
				GCC_WARN_UNUSED_FUNCTION = YES;
				GCC_WARN_UNUSED_VARIABLE = YES;
				IPHONEOS_DEPLOYMENT_TARGET = 12.1;
				MTL_ENABLE_DEBUG_INFO = INCLUDE_SOURCE;
				MTL_FAST_MATH = YES;
				ONLY_ACTIVE_ARCH = YES;
				SDKROOT = iphoneos;
				SWIFT_ACTIVE_COMPILATION_CONDITIONS = DEBUG;
				SWIFT_OPTIMIZATION_LEVEL = "-Onone";
			};
			name = Debug;
		};
		648EB0A5223C7A6B00D9E030 /* Release */ = {
			isa = XCBuildConfiguration;
			buildSettings = {
				ALWAYS_SEARCH_USER_PATHS = NO;
				CLANG_ANALYZER_NONNULL = YES;
				CLANG_ANALYZER_NUMBER_OBJECT_CONVERSION = YES_AGGRESSIVE;
				CLANG_CXX_LANGUAGE_STANDARD = "gnu++14";
				CLANG_CXX_LIBRARY = "libc++";
				CLANG_ENABLE_MODULES = YES;
				CLANG_ENABLE_OBJC_ARC = YES;
				CLANG_ENABLE_OBJC_WEAK = YES;
				CLANG_WARN_BLOCK_CAPTURE_AUTORELEASING = YES;
				CLANG_WARN_BOOL_CONVERSION = YES;
				CLANG_WARN_COMMA = YES;
				CLANG_WARN_CONSTANT_CONVERSION = YES;
				CLANG_WARN_DEPRECATED_OBJC_IMPLEMENTATIONS = YES;
				CLANG_WARN_DIRECT_OBJC_ISA_USAGE = YES_ERROR;
				CLANG_WARN_DOCUMENTATION_COMMENTS = YES;
				CLANG_WARN_EMPTY_BODY = YES;
				CLANG_WARN_ENUM_CONVERSION = YES;
				CLANG_WARN_INFINITE_RECURSION = YES;
				CLANG_WARN_INT_CONVERSION = YES;
				CLANG_WARN_NON_LITERAL_NULL_CONVERSION = YES;
				CLANG_WARN_OBJC_IMPLICIT_RETAIN_SELF = YES;
				CLANG_WARN_OBJC_LITERAL_CONVERSION = YES;
				CLANG_WARN_OBJC_ROOT_CLASS = YES_ERROR;
				CLANG_WARN_RANGE_LOOP_ANALYSIS = YES;
				CLANG_WARN_STRICT_PROTOTYPES = YES;
				CLANG_WARN_SUSPICIOUS_MOVE = YES;
				CLANG_WARN_UNGUARDED_AVAILABILITY = YES_AGGRESSIVE;
				CLANG_WARN_UNREACHABLE_CODE = YES;
				CLANG_WARN__DUPLICATE_METHOD_MATCH = YES;
				CODE_SIGN_IDENTITY = "iPhone Developer";
				COPY_PHASE_STRIP = NO;
				DEBUG_INFORMATION_FORMAT = "dwarf-with-dsym";
				ENABLE_NS_ASSERTIONS = NO;
				ENABLE_STRICT_OBJC_MSGSEND = YES;
				GCC_C_LANGUAGE_STANDARD = gnu11;
				GCC_NO_COMMON_BLOCKS = YES;
				GCC_WARN_64_TO_32_BIT_CONVERSION = YES;
				GCC_WARN_ABOUT_RETURN_TYPE = YES_ERROR;
				GCC_WARN_UNDECLARED_SELECTOR = YES;
				GCC_WARN_UNINITIALIZED_AUTOS = YES_AGGRESSIVE;
				GCC_WARN_UNUSED_FUNCTION = YES;
				GCC_WARN_UNUSED_VARIABLE = YES;
				IPHONEOS_DEPLOYMENT_TARGET = 12.1;
				MTL_ENABLE_DEBUG_INFO = NO;
				MTL_FAST_MATH = YES;
				SDKROOT = iphoneos;
				SWIFT_COMPILATION_MODE = wholemodule;
				SWIFT_OPTIMIZATION_LEVEL = "-O";
				VALIDATE_PRODUCT = YES;
			};
			name = Release;
		};
		648EB0A7223C7A6B00D9E030 /* Debug */ = {
			isa = XCBuildConfiguration;
			baseConfigurationReference = EF35E407EEF8A36C9AD56BBD /* Pods-themoviedatabase.debug.xcconfig */;
			buildSettings = {
				ASSETCATALOG_COMPILER_APPICON_NAME = AppIcon;
				CODE_SIGN_STYLE = Automatic;
				DEVELOPMENT_TEAM = PSYH7634NW;
				INFOPLIST_FILE = "$(SRCROOT)/themoviedatabase/Base/Info.plist";
				IPHONEOS_DEPLOYMENT_TARGET = 11.0;
				LD_RUNPATH_SEARCH_PATHS = (
					"$(inherited)",
					"@executable_path/Frameworks",
				);
				PRODUCT_BUNDLE_IDENTIFIER = com.deisymelo.themoviedatabase;
				PRODUCT_NAME = "$(TARGET_NAME)";
				SWIFT_VERSION = 4.2;
				TARGETED_DEVICE_FAMILY = 1;
			};
			name = Debug;
		};
		648EB0A8223C7A6B00D9E030 /* Release */ = {
			isa = XCBuildConfiguration;
			baseConfigurationReference = 1859432C355FFA826E4895C6 /* Pods-themoviedatabase.release.xcconfig */;
			buildSettings = {
				ASSETCATALOG_COMPILER_APPICON_NAME = AppIcon;
				CODE_SIGN_STYLE = Automatic;
				DEVELOPMENT_TEAM = PSYH7634NW;
				INFOPLIST_FILE = "$(SRCROOT)/themoviedatabase/Base/Info.plist";
				IPHONEOS_DEPLOYMENT_TARGET = 11.0;
				LD_RUNPATH_SEARCH_PATHS = (
					"$(inherited)",
					"@executable_path/Frameworks",
				);
				PRODUCT_BUNDLE_IDENTIFIER = com.deisymelo.themoviedatabase;
				PRODUCT_NAME = "$(TARGET_NAME)";
				SWIFT_VERSION = 4.2;
				TARGETED_DEVICE_FAMILY = 1;
			};
			name = Release;
		};
/* End XCBuildConfiguration section */

/* Begin XCConfigurationList section */
		648EB08C223C7A6A00D9E030 /* Build configuration list for PBXProject "themoviedatabase" */ = {
			isa = XCConfigurationList;
			buildConfigurations = (
				648EB0A4223C7A6B00D9E030 /* Debug */,
				648EB0A5223C7A6B00D9E030 /* Release */,
			);
			defaultConfigurationIsVisible = 0;
			defaultConfigurationName = Release;
		};
		648EB0A6223C7A6B00D9E030 /* Build configuration list for PBXNativeTarget "themoviedatabase" */ = {
			isa = XCConfigurationList;
			buildConfigurations = (
				648EB0A7223C7A6B00D9E030 /* Debug */,
				648EB0A8223C7A6B00D9E030 /* Release */,
			);
			defaultConfigurationIsVisible = 0;
			defaultConfigurationName = Release;
		};
/* End XCConfigurationList section */

/* Begin XCVersionGroup section */
		648EB09B223C7A6B00D9E030 /* themoviedatabase.xcdatamodeld */ = {
			isa = XCVersionGroup;
			children = (
				648EB09C223C7A6B00D9E030 /* themoviedatabase.xcdatamodel */,
			);
			currentVersion = 648EB09C223C7A6B00D9E030 /* themoviedatabase.xcdatamodel */;
			path = themoviedatabase.xcdatamodeld;
			sourceTree = "<group>";
			versionGroupType = wrapper.xcdatamodel;
		};
/* End XCVersionGroup section */
	};
	rootObject = 648EB089223C7A6A00D9E030 /* Project object */;
}
